# THIS IS AN AUTOGENERATED FILE. DO NOT EDIT THIS FILE DIRECTLY.
# yarn lockfile v1


add-filename-increment@^1.0.0:
  version "1.0.0"
  resolved "https://registry.yarnpkg.com/add-filename-increment/-/add-filename-increment-1.0.0.tgz#106feea10dcda5d2bfe25a5e83d347382f9dd97d"
  integrity sha512-pFV8VZX8jxuVMIycKvGZkWF/ihnUubu9lbQVnOnZWp7noVxbKQTNj7zG2y9fXdPcuZ6lAN3Drr517HaivGCjdQ==
  dependencies:
    strip-filename-increment "^2.0.1"

commander@^2.19.0:
  version "2.20.3"
  resolved "https://registry.yarnpkg.com/commander/-/commander-2.20.3.tgz#fd485e84c03eb4881c20722ba48035e8531aeb33"
  integrity sha512-GpVkmM8vF2vQUkj2LvZmD35JxeJOLCwJ9cUkugyk2nuhbv3+mJvpLYYt+0+USMxE+oj+ey/lJEnhZw75x/OMcQ==

commander@^9.3.0:
  version "9.3.0"
  resolved "https://registry.yarnpkg.com/commander/-/commander-9.3.0.tgz#f619114a5a2d2054e0d9ff1b31d5ccf89255e26b"
  integrity sha512-hv95iU5uXPbK83mjrJKuZyFM/LBAoCV/XhVGkS5Je6tl7sxr6A0ITMw5WoRV46/UaJ46Nllm3Xt7IaJhXTIkzw==

discontinuous-range@1.0.0:
  version "1.0.0"
  resolved "https://registry.yarnpkg.com/discontinuous-range/-/discontinuous-range-1.0.0.tgz#e38331f0844bba49b9a9cb71c771585aab1bc65a"
  integrity sha512-c68LpLbO+7kP/b1Hr1qs8/BJ09F5khZGTxqxZuhzxpmwJKOgRFHJWIb9/KmqnqHhLdO55aOxFH/EGBvUQbL/RQ==

moo@^0.5.0:
  version "0.5.1"
  resolved "https://registry.yarnpkg.com/moo/-/moo-0.5.1.tgz#7aae7f384b9b09f620b6abf6f74ebbcd1b65dbc4"
  integrity sha512-I1mnb5xn4fO80BH9BLcF0yLypy2UKl+Cb01Fu0hJRkJjlCRtxZMWkTdAtDd5ZqCOxtCkhmRwyI57vWT+1iZ67w==

nearley@^2.20.1:
  version "2.20.1"
  resolved "https://registry.yarnpkg.com/nearley/-/nearley-2.20.1.tgz#246cd33eff0d012faf197ff6774d7ac78acdd474"
  integrity sha512-+Mc8UaAebFzgV+KpI5n7DasuuQCHA89dmwm7JXw3TV43ukfNQ9DnBH3Mdb2g/I4Fdxc26pwimBWvjIw0UAILSQ==
  dependencies:
    commander "^2.19.0"
    moo "^0.5.0"
    railroad-diagrams "^1.0.0"
    randexp "0.4.6"

railroad-diagrams@^1.0.0:
  version "1.0.0"
  resolved "https://registry.yarnpkg.com/railroad-diagrams/-/railroad-diagrams-1.0.0.tgz#eb7e6267548ddedfb899c1b90e57374559cddb7e"
  integrity sha512-cz93DjNeLY0idrCNOH6PviZGRN9GJhsdm9hpn1YCS879fj4W+x5IFJhhkRZcwVgMmFF7R82UA/7Oh+R8lLZg6A==

randexp@0.4.6:
  version "0.4.6"
  resolved "https://registry.yarnpkg.com/randexp/-/randexp-0.4.6.tgz#e986ad5e5e31dae13ddd6f7b3019aa7c87f60ca3"
  integrity sha512-80WNmd9DA0tmZrw9qQa62GPPWfuXJknrmVmLcxvq4uZBdYqb1wYoKTmnlGUchvVWe0XiLupYkBoXVOxz3C8DYQ==
  dependencies:
    discontinuous-range "1.0.0"
    ret "~0.1.10"

read-file@^0.2.0:
  version "0.2.0"
  resolved "https://registry.yarnpkg.com/read-file/-/read-file-0.2.0.tgz#70c6baf8842ec7d1540f981fd0e6aed4c81bd545"
  integrity sha512-na/zgd5KplGlR+io+ygXQMIoDfX/Y0bNS5+P2TOXOTk5plquOVd0snudCd30hZJAsnVK2rxuxUP2z0CN+Aw1lQ==

readline-sync@^1.4.10:
  version "1.4.10"
  resolved "https://registry.yarnpkg.com/readline-sync/-/readline-sync-1.4.10.tgz#41df7fbb4b6312d673011594145705bf56d8873b"
  integrity sha512-gNva8/6UAe8QYepIQH/jQ2qn91Qj0B9sYjMBBs3QOB8F2CXcKgLxQaJRP76sWVRQt+QU+8fAkCbCvjjMFu7Ycw==

ret@~0.1.10:
  version "0.1.15"
  resolved "https://registry.yarnpkg.com/ret/-/ret-0.1.15.tgz#b8a4825d5bdb1fc3f6f53c2bc33f81388681c7bc"
  integrity sha512-TTlYpa+OL+vMMNG24xSlQGEJ3B/RzEfUlLct7b5G/ytav+wPrplCpVMFuwzXbkecJrb6IYo1iFb0S9v37754mg==

strip-filename-increment@^2.0.1:
  version "2.0.1"
  resolved "https://registry.yarnpkg.com/strip-filename-increment/-/strip-filename-increment-2.0.1.tgz#3feca2ebd529d4cdcad0281a9bbb2660b096fcc6"
  integrity sha512-+v5xsiTTsdYqkPj7qz1zlngIsjZedhHDi3xp/9bMurV8kXe9DAr732gNVqtt4X8sI3hOqS3nlFfps5gyVcux6w==

write@^2.0.0:
  version "2.0.0"
  resolved "https://registry.yarnpkg.com/write/-/write-2.0.0.tgz#d6320a5f764fbd6ee93022f61273d62fa23dbd04"
  integrity sha512-yam9TAqN8sAZokECAejo9HpT2j2s39OgK8i8yxadrFBVo+iSWLfnipRVFulfAw1d2dz5vSuGmlMHYRKG4fysOA==
  dependencies:
    add-filename-increment "^1.0.0"
